
Microsoft Visual Studio Solution File, Format Version 12.00
# Visual Studio Version 17
VisualStudioVersion = 17.9.34728.123
MinimumVisualStudioVersion = 10.0.40219.1
Project("{FAE04EC0-301F-11D3-BF4B-00C04F79EFBC}") = "Game-Store", "Game-Store\Game-Store.csproj", "{9001E7DA-3660-441A-ADAA-6DCB32A63659}"
EndProject
Global
	GlobalSection(SolutionConfigurationPlatforms) = preSolution
		Debug|Any CPU = Debug|Any CPU
		Release|Any CPU = Release|Any CPU
	EndGlobalSection
	GlobalSection(ProjectConfigurationPlatforms) = postSolution
		{9001E7DA-3660-441A-ADAA-6DCB32A63659}.Debug|Any CPU.ActiveCfg = Debug|Any CPU
		{9001E7DA-3660-441A-ADAA-6DCB32A63659}.Debug|Any CPU.Build.0 = Debug|Any CPU
		{9001E7DA-3660-441A-ADAA-6DCB32A63659}.Release|Any CPU.ActiveCfg = Release|Any CPU
		{9001E7DA-3660-441A-ADAA-6DCB32A63659}.Release|Any CPU.Build.0 = Release|Any CPU
	EndGlobalSection
	GlobalSection(SolutionProperties) = preSolution
		HideSolutionNode = FALSE
	EndGlobalSection
	GlobalSection(ExtensibilityGlobals) = postSolution
		SolutionGuid = {D8F1ADE8-3246-4F24-AE02-0BCE7986AD1A}
	EndGlobalSection
EndGlobal
